
Microsoft Visual Studio Solution File, Format Version 12.00
# Visual Studio Version 17
VisualStudioVersion = 17.10.35027.167
MinimumVisualStudioVersion = 10.0.40219.1
Project("{FAE04EC0-301F-11D3-BF4B-00C04F79EFBC}") = "BtkAkademi", "BTK_Akademi\BtkAkademi.csproj", "{D2189E66-CC9C-40E4-ADAC-7D2EB228F54A}"
EndProject
Project("{FAE04EC0-301F-11D3-BF4B-00C04F79EFBC}") = "BtkAkademi.Entities", "BtkAkademi.Entities\BtkAkademi.Entities.csproj", "{99A0D96F-12B3-4309-8232-BD82B2781595}"
EndProject
Global
	GlobalSection(SolutionConfigurationPlatforms) = preSolution
		Debug|Any CPU = Debug|Any CPU
		Release|Any CPU = Release|Any CPU
	EndGlobalSection
	GlobalSection(ProjectConfigurationPlatforms) = postSolution
		{D2189E66-CC9C-40E4-ADAC-7D2EB228F54A}.Debug|Any CPU.ActiveCfg = Debug|Any CPU
		{D2189E66-CC9C-40E4-ADAC-7D2EB228F54A}.Debug|Any CPU.Build.0 = Debug|Any CPU
		{D2189E66-CC9C-40E4-ADAC-7D2EB228F54A}.Release|Any CPU.ActiveCfg = Release|Any CPU
		{D2189E66-CC9C-40E4-ADAC-7D2EB228F54A}.Release|Any CPU.Build.0 = Release|Any CPU
		{99A0D96F-12B3-4309-8232-BD82B2781595}.Debug|Any CPU.ActiveCfg = Debug|Any CPU
		{99A0D96F-12B3-4309-8232-BD82B2781595}.Debug|Any CPU.Build.0 = Debug|Any CPU
		{99A0D96F-12B3-4309-8232-BD82B2781595}.Release|Any CPU.ActiveCfg = Release|Any CPU
		{99A0D96F-12B3-4309-8232-BD82B2781595}.Release|Any CPU.Build.0 = Release|Any CPU
	EndGlobalSection
	GlobalSection(SolutionProperties) = preSolution
		HideSolutionNode = FALSE
	EndGlobalSection
	GlobalSection(ExtensibilityGlobals) = postSolution
		SolutionGuid = {C783242F-02AB-47C3-9668-E5626A51B774}
	EndGlobalSection
EndGlobal
